{
  "nodes": {
    "nixpkgs": {
      "locked": {
        "lastModified": 1693815579,
        "narHash": "sha256-fPnIQlr0DoH9Z1C3v7IL3OpzMsvODC3k3oGu69r38+Y=",
        "owner": "NixOs",
        "repo": "nixpkgs",
        "rev": "1e409aeb5a9798a36e1cca227b7f8b8f3176e04d",
        "type": "github"
      },
      "original": {
        "owner": "NixOs",
        "ref": "release-23.05",
        "repo": "nixpkgs",
        "type": "github"
      }
    },
    "root": {
      "inputs": {
        "nixpkgs": "nixpkgs"
      }
    }
  },
  "root": "root",
  "version": 7
}
