{
  "nodes": {
    "nixpkgs": {
      "locked": {
        "lastModified": 1692304963,
        "narHash": "sha256-jw69EgmpLDpr3QXhUcOrzz138HJhBkNamRDkjIjX7Uc=",
        "owner": "NixOs",
        "repo": "nixpkgs",
        "rev": "7cecae301f669df2eafa3cfefa819f3418c8eac7",
        "type": "github"
      },
      "original": {
        "owner": "NixOs",
        "ref": "release-23.05",
        "repo": "nixpkgs",
        "type": "github"
      }
    },
    "root": {
      "inputs": {
        "nixpkgs": "nixpkgs"
      }
    }
  },
  "root": "root",
  "version": 7
}
