{
  "nodes": {
    "nixpkgs": {
      "locked": {
        "narHash": "sha256-QPE7dqcicQH/nq9aywVXJWWtci4FvxHaM+BSIEbGBvA=",
        "rev": "360a7d31c30abefdc490d203f80e3221b7a24af2",
        "revCount": 490890,
        "type": "tarball",
        "url": "https://api.flakehub.com/f/pinned/NixOS/nixpkgs/0.2305.490890%2Brev-360a7d31c30abefdc490d203f80e3221b7a24af2/018a99e7-94f5-7cad-bfd5-89190aed4e68/source.tar.gz"
      },
      "original": {
        "type": "tarball",
        "url": "https://flakehub.com/f/NixOS/nixpkgs/%2A.tar.gz"
      }
    },
    "root": {
      "inputs": {
        "nixpkgs": "nixpkgs"
      }
    }
  },
  "root": "root",
  "version": 7
}
